<?xml version="1.0" encoding="utf-8"?>
<Project ToolsVersion="4.0" xmlns="http://schemas.microsoft.com/developer/msbuild/2003">
  <ItemGroup>
    <Filter Include="Code">
      <UniqueIdentifier>{26c92ef6-46b6-422a-9716-0893ddcae561}</UniqueIdentifier>
    </Filter>
  </ItemGroup>
  <ItemGroup>
    <ClCompile Include="Code\Lib.c">
      <Filter>Code</Filter>
    </ClCompile>
    <ClCompile Include="Code\Main.c">
      <Filter>Code</Filter>
    </ClCompile>
  </ItemGroup>
  <ItemGroup>
    <ClInclude Include="Code\Lib.h">
      <Filter>Code</Filter>
    </ClInclude>
  </ItemGroup>
  <ItemGroup>
    <MASM Include="LibASM.asm">
      <Filter>Code</Filter>
    </MASM>
  </ItemGroup>
</Project>